// !$*UTF8*$!
{
	archiveVersion = 1;
	classes = {
	};
	objectVersion = 56;
	objects = {

/* Begin PBXBuildFile section */
		5A1A041EB02F8AB1ACC2530C /* libPods-AlamofireHW.a in Frameworks */ = {isa = PBXBuildFile; fileRef = 425608656F47739F5C2AA329 /* libPods-AlamofireHW.a */; };
		D92CEB7429127730009AA0D4 /* UIStackView + Extension.swift in Sources */ = {isa = PBXBuildFile; fileRef = D92CEB7329127730009AA0D4 /* UIStackView + Extension.swift */; };
		D92CEB7729127CA9009AA0D4 /* UILabel + Extension.swift in Sources */ = {isa = PBXBuildFile; fileRef = D92CEB7629127CA9009AA0D4 /* UILabel + Extension.swift */; };
		D947575D2918672800CD67C0 /* MainPresenter.swift in Sources */ = {isa = PBXBuildFile; fileRef = D947575C2918672800CD67C0 /* MainPresenter.swift */; };
		D94757612918EB9E00CD67C0 /* DetailPresenter.swift in Sources */ = {isa = PBXBuildFile; fileRef = D94757602918EB9E00CD67C0 /* DetailPresenter.swift */; };
		D956870E2912478900D94876 /* AppDelegate.swift in Sources */ = {isa = PBXBuildFile; fileRef = D956870D2912478900D94876 /* AppDelegate.swift */; };
		D95687102912478900D94876 /* SceneDelegate.swift in Sources */ = {isa = PBXBuildFile; fileRef = D956870F2912478900D94876 /* SceneDelegate.swift */; };
		D95687122912478900D94876 /* MainViewController.swift in Sources */ = {isa = PBXBuildFile; fileRef = D95687112912478900D94876 /* MainViewController.swift */; };
		D95687172912478A00D94876 /* Assets.xcassets in Resources */ = {isa = PBXBuildFile; fileRef = D95687162912478A00D94876 /* Assets.xcassets */; };
		D956871A2912478A00D94876 /* LaunchScreen.storyboard in Resources */ = {isa = PBXBuildFile; fileRef = D95687182912478A00D94876 /* LaunchScreen.storyboard */; };
		D95687222912484B00D94876 /* Podfile in Resources */ = {isa = PBXBuildFile; fileRef = D95687212912484B00D94876 /* Podfile */; };
		D98D27D329124E3F00C5B67D /* CardsModel.swift in Sources */ = {isa = PBXBuildFile; fileRef = D98D27D229124E3F00C5B67D /* CardsModel.swift */; };
		D98D27D6291250AA00C5B67D /* CardCell.swift in Sources */ = {isa = PBXBuildFile; fileRef = D98D27D5291250AA00C5B67D /* CardCell.swift */; };
		D99DECF62913DD0D00378001 /* Metric.swift in Sources */ = {isa = PBXBuildFile; fileRef = D99DECF52913DD0D00378001 /* Metric.swift */; };
		D9E636D329126C1800F76E49 /* DetailViewController.swift in Sources */ = {isa = PBXBuildFile; fileRef = D9E636D229126C1800F76E49 /* DetailViewController.swift */; };
/* End PBXBuildFile section */

/* Begin PBXFileReference section */
		425608656F47739F5C2AA329 /* libPods-AlamofireHW.a */ = {isa = PBXFileReference; explicitFileType = archive.ar; includeInIndex = 0; path = "libPods-AlamofireHW.a"; sourceTree = BUILT_PRODUCTS_DIR; };
		759095BC782298C8BBF857E1 /* Pods-AlamofireHW.release.xcconfig */ = {isa = PBXFileReference; includeInIndex = 1; lastKnownFileType = text.xcconfig; name = "Pods-AlamofireHW.release.xcconfig"; path = "Target Support Files/Pods-AlamofireHW/Pods-AlamofireHW.release.xcconfig"; sourceTree = "<group>"; };
		81FF26D8887A1F15B749593B /* Pods-AlamofireHW.debug.xcconfig */ = {isa = PBXFileReference; includeInIndex = 1; lastKnownFileType = text.xcconfig; name = "Pods-AlamofireHW.debug.xcconfig"; path = "Target Support Files/Pods-AlamofireHW/Pods-AlamofireHW.debug.xcconfig"; sourceTree = "<group>"; };
		D92CEB7329127730009AA0D4 /* UIStackView + Extension.swift */ = {isa = PBXFileReference; lastKnownFileType = sourcecode.swift; path = "UIStackView + Extension.swift"; sourceTree = "<group>"; };
		D92CEB7629127CA9009AA0D4 /* UILabel + Extension.swift */ = {isa = PBXFileReference; lastKnownFileType = sourcecode.swift; path = "UILabel + Extension.swift"; sourceTree = "<group>"; };
		D947575C2918672800CD67C0 /* MainPresenter.swift */ = {isa = PBXFileReference; lastKnownFileType = sourcecode.swift; path = MainPresenter.swift; sourceTree = "<group>"; };
		D94757602918EB9E00CD67C0 /* DetailPresenter.swift */ = {isa = PBXFileReference; lastKnownFileType = sourcecode.swift; path = DetailPresenter.swift; sourceTree = "<group>"; };
		D956870A2912478900D94876 /* AlamofireHW.app */ = {isa = PBXFileReference; explicitFileType = wrapper.application; includeInIndex = 0; path = AlamofireHW.app; sourceTree = BUILT_PRODUCTS_DIR; };
		D956870D2912478900D94876 /* AppDelegate.swift */ = {isa = PBXFileReference; lastKnownFileType = sourcecode.swift; path = AppDelegate.swift; sourceTree = "<group>"; };
		D956870F2912478900D94876 /* SceneDelegate.swift */ = {isa = PBXFileReference; lastKnownFileType = sourcecode.swift; path = SceneDelegate.swift; sourceTree = "<group>"; };
		D95687112912478900D94876 /* MainViewController.swift */ = {isa = PBXFileReference; lastKnownFileType = sourcecode.swift; path = MainViewController.swift; sourceTree = "<group>"; };
		D95687162912478A00D94876 /* Assets.xcassets */ = {isa = PBXFileReference; lastKnownFileType = folder.assetcatalog; path = Assets.xcassets; sourceTree = "<group>"; };
		D95687192912478A00D94876 /* Base */ = {isa = PBXFileReference; lastKnownFileType = file.storyboard; name = Base; path = Base.lproj/LaunchScreen.storyboard; sourceTree = "<group>"; };
		D956871B2912478A00D94876 /* Info.plist */ = {isa = PBXFileReference; lastKnownFileType = text.plist.xml; path = Info.plist; sourceTree = "<group>"; };
		D95687212912484B00D94876 /* Podfile */ = {isa = PBXFileReference; lastKnownFileType = text; path = Podfile; sourceTree = "<group>"; };
		D98D27D229124E3F00C5B67D /* CardsModel.swift */ = {isa = PBXFileReference; lastKnownFileType = sourcecode.swift; path = CardsModel.swift; sourceTree = "<group>"; };
		D98D27D5291250AA00C5B67D /* CardCell.swift */ = {isa = PBXFileReference; lastKnownFileType = sourcecode.swift; path = CardCell.swift; sourceTree = "<group>"; };
		D99DECF52913DD0D00378001 /* Metric.swift */ = {isa = PBXFileReference; lastKnownFileType = sourcecode.swift; path = Metric.swift; sourceTree = "<group>"; };
		D9E636D229126C1800F76E49 /* DetailViewController.swift */ = {isa = PBXFileReference; lastKnownFileType = sourcecode.swift; path = DetailViewController.swift; sourceTree = "<group>"; };
/* End PBXFileReference section */

/* Begin PBXFrameworksBuildPhase section */
		D95687072912478900D94876 /* Frameworks */ = {
			isa = PBXFrameworksBuildPhase;
			buildActionMask = 2147483647;
			files = (
				5A1A041EB02F8AB1ACC2530C /* libPods-AlamofireHW.a in Frameworks */,
			);
			runOnlyForDeploymentPostprocessing = 0;
		};
/* End PBXFrameworksBuildPhase section */

/* Begin PBXGroup section */
		0FAE9ECE5A7A7F1CB32D7499 /* Frameworks */ = {
			isa = PBXGroup;
			children = (
				425608656F47739F5C2AA329 /* libPods-AlamofireHW.a */,
			);
			name = Frameworks;
			sourceTree = "<group>";
		};
		BEC9E20DB5D4860B6BB77CCF /* Pods */ = {
			isa = PBXGroup;
			children = (
				81FF26D8887A1F15B749593B /* Pods-AlamofireHW.debug.xcconfig */,
				759095BC782298C8BBF857E1 /* Pods-AlamofireHW.release.xcconfig */,
			);
			path = Pods;
			sourceTree = "<group>";
		};
		D92CEB7229127710009AA0D4 /* Extensions */ = {
			isa = PBXGroup;
			children = (
				D99DECF72913E8C700378001 /* UIKit */,
				D99DECF42913DCEF00378001 /* Metric */,
			);
			path = Extensions;
			sourceTree = "<group>";
		};
		D92CEB752912776E009AA0D4 /* View */ = {
			isa = PBXGroup;
			children = (
				D95687112912478900D94876 /* MainViewController.swift */,
			);
			path = View;
			sourceTree = "<group>";
		};
		D947575E291890BA00CD67C0 /* Presenter */ = {
			isa = PBXGroup;
			children = (
				D947575C2918672800CD67C0 /* MainPresenter.swift */,
			);
			path = Presenter;
			sourceTree = "<group>";
		};
		D947575F2918EB7800CD67C0 /* Presenter */ = {
			isa = PBXGroup;
			children = (
				D94757602918EB9E00CD67C0 /* DetailPresenter.swift */,
			);
			path = Presenter;
			sourceTree = "<group>";
		};
		D95687012912478900D94876 = {
			isa = PBXGroup;
			children = (
				D95687212912484B00D94876 /* Podfile */,
				D956870C2912478900D94876 /* AlamofireHW */,
				D956870B2912478900D94876 /* Products */,
				BEC9E20DB5D4860B6BB77CCF /* Pods */,
				0FAE9ECE5A7A7F1CB32D7499 /* Frameworks */,
			);
			sourceTree = "<group>";
		};
		D956870B2912478900D94876 /* Products */ = {
			isa = PBXGroup;
			children = (
				D956870A2912478900D94876 /* AlamofireHW.app */,
			);
			name = Products;
			sourceTree = "<group>";
		};
		D956870C2912478900D94876 /* AlamofireHW */ = {
			isa = PBXGroup;
			children = (
				D98D27CE291249FC00C5B67D /* App */,
				D98D27D029124A0F00C5B67D /* Sources */,
				D92CEB7229127710009AA0D4 /* Extensions */,
				D98D27CF29124A0600C5B67D /* Resources */,
			);
			path = AlamofireHW;
			sourceTree = "<group>";
		};
		D98D27CE291249FC00C5B67D /* App */ = {
			isa = PBXGroup;
			children = (
				D956870D2912478900D94876 /* AppDelegate.swift */,
				D956870F2912478900D94876 /* SceneDelegate.swift */,
			);
			path = App;
			sourceTree = "<group>";
		};
		D98D27CF29124A0600C5B67D /* Resources */ = {
			isa = PBXGroup;
			children = (
				D95687162912478A00D94876 /* Assets.xcassets */,
				D95687182912478A00D94876 /* LaunchScreen.storyboard */,
				D956871B2912478A00D94876 /* Info.plist */,
			);
			path = Resources;
			sourceTree = "<group>";
		};
		D98D27D029124A0F00C5B67D /* Sources */ = {
			isa = PBXGroup;
			children = (
				D98D27D129124E2700C5B67D /* Models */,
				D98F4B2B291693B400DD7919 /* Main */,
				D98F4B2C291693D400DD7919 /* Detail */,
			);
			path = Sources;
			sourceTree = "<group>";
		};
		D98D27D129124E2700C5B67D /* Models */ = {
			isa = PBXGroup;
			children = (
				D98D27D229124E3F00C5B67D /* CardsModel.swift */,
			);
			path = Models;
			sourceTree = "<group>";
		};
		D98D27D42912508600C5B67D /* Cells */ = {
			isa = PBXGroup;
			children = (
				D98D27D5291250AA00C5B67D /* CardCell.swift */,
			);
			path = Cells;
			sourceTree = "<group>";
		};
		D98F4B2B291693B400DD7919 /* Main */ = {
			isa = PBXGroup;
			children = (
				D92CEB752912776E009AA0D4 /* View */,
				D947575E291890BA00CD67C0 /* Presenter */,
				D98D27D42912508600C5B67D /* Cells */,
			);
			path = Main;
			sourceTree = "<group>";
		};
		D98F4B2C291693D400DD7919 /* Detail */ = {
			isa = PBXGroup;
			children = (
				D98F4B2D291693E100DD7919 /* View */,
				D947575F2918EB7800CD67C0 /* Presenter */,
			);
			path = Detail;
			sourceTree = "<group>";
		};
		D98F4B2D291693E100DD7919 /* View */ = {
			isa = PBXGroup;
			children = (
				D9E636D229126C1800F76E49 /* DetailViewController.swift */,
			);
			path = View;
			sourceTree = "<group>";
		};
		D99DECF42913DCEF00378001 /* Metric */ = {
			isa = PBXGroup;
			children = (
				D99DECF52913DD0D00378001 /* Metric.swift */,
			);
			path = Metric;
			sourceTree = "<group>";
		};
		D99DECF72913E8C700378001 /* UIKit */ = {
			isa = PBXGroup;
			children = (
				D92CEB7629127CA9009AA0D4 /* UILabel + Extension.swift */,
				D92CEB7329127730009AA0D4 /* UIStackView + Extension.swift */,
			);
			path = UIKit;
			sourceTree = "<group>";
		};
/* End PBXGroup section */

/* Begin PBXNativeTarget section */
		D95687092912478900D94876 /* AlamofireHW */ = {
			isa = PBXNativeTarget;
			buildConfigurationList = D956871E2912478A00D94876 /* Build configuration list for PBXNativeTarget "AlamofireHW" */;
			buildPhases = (
				F6853BF4D2C8C6E2085E9E9E /* [CP] Check Pods Manifest.lock */,
				D95687062912478900D94876 /* Sources */,
				D95687072912478900D94876 /* Frameworks */,
				D95687082912478900D94876 /* Resources */,
			);
			buildRules = (
			);
			dependencies = (
			);
			name = AlamofireHW;
			productName = AlamofireHW;
			productReference = D956870A2912478900D94876 /* AlamofireHW.app */;
			productType = "com.apple.product-type.application";
		};
/* End PBXNativeTarget section */

/* Begin PBXProject section */
		D95687022912478900D94876 /* Project object */ = {
			isa = PBXProject;
			attributes = {
				BuildIndependentTargetsInParallel = 1;
				LastSwiftUpdateCheck = 1400;
				LastUpgradeCheck = 1400;
				TargetAttributes = {
					D95687092912478900D94876 = {
						CreatedOnToolsVersion = 14.0.1;
					};
				};
			};
			buildConfigurationList = D95687052912478900D94876 /* Build configuration list for PBXProject "AlamofireHW" */;
			compatibilityVersion = "Xcode 14.0";
			developmentRegion = en;
			hasScannedForEncodings = 0;
			knownRegions = (
				en,
				Base,
			);
			mainGroup = D95687012912478900D94876;
			productRefGroup = D956870B2912478900D94876 /* Products */;
			projectDirPath = "";
			projectRoot = "";
			targets = (
				D95687092912478900D94876 /* AlamofireHW */,
			);
		};
/* End PBXProject section */

/* Begin PBXResourcesBuildPhase section */
		D95687082912478900D94876 /* Resources */ = {
			isa = PBXResourcesBuildPhase;
			buildActionMask = 2147483647;
			files = (
				D956871A2912478A00D94876 /* LaunchScreen.storyboard in Resources */,
				D95687172912478A00D94876 /* Assets.xcassets in Resources */,
				D95687222912484B00D94876 /* Podfile in Resources */,
			);
			runOnlyForDeploymentPostprocessing = 0;
		};
/* End PBXResourcesBuildPhase section */

/* Begin PBXShellScriptBuildPhase section */
		F6853BF4D2C8C6E2085E9E9E /* [CP] Check Pods Manifest.lock */ = {
			isa = PBXShellScriptBuildPhase;
			buildActionMask = 2147483647;
			files = (
			);
			inputFileListPaths = (
			);
			inputPaths = (
				"${PODS_PODFILE_DIR_PATH}/Podfile.lock",
				"${PODS_ROOT}/Manifest.lock",
			);
			name = "[CP] Check Pods Manifest.lock";
			outputFileListPaths = (
			);
			outputPaths = (
				"$(DERIVED_FILE_DIR)/Pods-AlamofireHW-checkManifestLockResult.txt",
			);
			runOnlyForDeploymentPostprocessing = 0;
			shellPath = /bin/sh;
			shellScript = "diff \"${PODS_PODFILE_DIR_PATH}/Podfile.lock\" \"${PODS_ROOT}/Manifest.lock\" > /dev/null\nif [ $? != 0 ] ; then\n    # print error to STDERR\n    echo \"error: The sandbox is not in sync with the Podfile.lock. Run 'pod install' or update your CocoaPods installation.\" >&2\n    exit 1\nfi\n# This output is used by Xcode 'outputs' to avoid re-running this script phase.\necho \"SUCCESS\" > \"${SCRIPT_OUTPUT_FILE_0}\"\n";
			showEnvVarsInLog = 0;
		};
/* End PBXShellScriptBuildPhase section */

/* Begin PBXSourcesBuildPhase section */
		D95687062912478900D94876 /* Sources */ = {
			isa = PBXSourcesBuildPhase;
			buildActionMask = 2147483647;
			files = (
				D98D27D6291250AA00C5B67D /* CardCell.swift in Sources */,
				D92CEB7429127730009AA0D4 /* UIStackView + Extension.swift in Sources */,
				D92CEB7729127CA9009AA0D4 /* UILabel + Extension.swift in Sources */,
				D95687122912478900D94876 /* MainViewController.swift in Sources */,
				D94757612918EB9E00CD67C0 /* DetailPresenter.swift in Sources */,
				D98D27D329124E3F00C5B67D /* CardsModel.swift in Sources */,
				D947575D2918672800CD67C0 /* MainPresenter.swift in Sources */,
				D9E636D329126C1800F76E49 /* DetailViewController.swift in Sources */,
				D99DECF62913DD0D00378001 /* Metric.swift in Sources */,
				D956870E2912478900D94876 /* AppDelegate.swift in Sources */,
				D95687102912478900D94876 /* SceneDelegate.swift in Sources */,
			);
			runOnlyForDeploymentPostprocessing = 0;
		};
/* End PBXSourcesBuildPhase section */

/* Begin PBXVariantGroup section */
		D95687182912478A00D94876 /* LaunchScreen.storyboard */ = {
			isa = PBXVariantGroup;
			children = (
				D95687192912478A00D94876 /* Base */,
			);
			name = LaunchScreen.storyboard;
			sourceTree = "<group>";
		};
/* End PBXVariantGroup section */

/* Begin XCBuildConfiguration section */
		D956871C2912478A00D94876 /* Debug */ = {
			isa = XCBuildConfiguration;
			buildSettings = {
				ALWAYS_SEARCH_USER_PATHS = NO;
				CLANG_ANALYZER_NONNULL = YES;
				CLANG_ANALYZER_NUMBER_OBJECT_CONVERSION = YES_AGGRESSIVE;
				CLANG_CXX_LANGUAGE_STANDARD = "gnu++20";
				CLANG_ENABLE_MODULES = YES;
				CLANG_ENABLE_OBJC_ARC = YES;
				CLANG_ENABLE_OBJC_WEAK = YES;
				CLANG_WARN_BLOCK_CAPTURE_AUTORELEASING = YES;
				CLANG_WARN_BOOL_CONVERSION = YES;
				CLANG_WARN_COMMA = YES;
				CLANG_WARN_CONSTANT_CONVERSION = YES;
				CLANG_WARN_DEPRECATED_OBJC_IMPLEMENTATIONS = YES;
				CLANG_WARN_DIRECT_OBJC_ISA_USAGE = YES_ERROR;
				CLANG_WARN_DOCUMENTATION_COMMENTS = YES;
				CLANG_WARN_EMPTY_BODY = YES;
				CLANG_WARN_ENUM_CONVERSION = YES;
				CLANG_WARN_INFINITE_RECURSION = YES;
				CLANG_WARN_INT_CONVERSION = YES;
				CLANG_WARN_NON_LITERAL_NULL_CONVERSION = YES;
				CLANG_WARN_OBJC_IMPLICIT_RETAIN_SELF = YES;
				CLANG_WARN_OBJC_LITERAL_CONVERSION = YES;
				CLANG_WARN_OBJC_ROOT_CLASS = YES_ERROR;
				CLANG_WARN_QUOTED_INCLUDE_IN_FRAMEWORK_HEADER = YES;
				CLANG_WARN_RANGE_LOOP_ANALYSIS = YES;
				CLANG_WARN_STRICT_PROTOTYPES = YES;
				CLANG_WARN_SUSPICIOUS_MOVE = YES;
				CLANG_WARN_UNGUARDED_AVAILABILITY = YES_AGGRESSIVE;
				CLANG_WARN_UNREACHABLE_CODE = YES;
				CLANG_WARN__DUPLICATE_METHOD_MATCH = YES;
				COPY_PHASE_STRIP = NO;
				DEBUG_INFORMATION_FORMAT = dwarf;
				ENABLE_STRICT_OBJC_MSGSEND = YES;
				ENABLE_TESTABILITY = YES;
				GCC_C_LANGUAGE_STANDARD = gnu11;
				GCC_DYNAMIC_NO_PIC = NO;
				GCC_NO_COMMON_BLOCKS = YES;
				GCC_OPTIMIZATION_LEVEL = 0;
				GCC_PREPROCESSOR_DEFINITIONS = (
					"DEBUG=1",
					"$(inherited)",
				);
				GCC_WARN_64_TO_32_BIT_CONVERSION = YES;
				GCC_WARN_ABOUT_RETURN_TYPE = YES_ERROR;
				GCC_WARN_UNDECLARED_SELECTOR = YES;
				GCC_WARN_UNINITIALIZED_AUTOS = YES_AGGRESSIVE;
				GCC_WARN_UNUSED_FUNCTION = YES;
				GCC_WARN_UNUSED_VARIABLE = YES;
				IPHONEOS_DEPLOYMENT_TARGET = 16.0;
				MTL_ENABLE_DEBUG_INFO = INCLUDE_SOURCE;
				MTL_FAST_MATH = YES;
				ONLY_ACTIVE_ARCH = YES;
				SDKROOT = iphoneos;
				SWIFT_ACTIVE_COMPILATION_CONDITIONS = DEBUG;
				SWIFT_OPTIMIZATION_LEVEL = "-Onone";
			};
			name = Debug;
		};
		D956871D2912478A00D94876 /* Release */ = {
			isa = XCBuildConfiguration;
			buildSettings = {
				ALWAYS_SEARCH_USER_PATHS = NO;
				CLANG_ANALYZER_NONNULL = YES;
				CLANG_ANALYZER_NUMBER_OBJECT_CONVERSION = YES_AGGRESSIVE;
				CLANG_CXX_LANGUAGE_STANDARD = "gnu++20";
				CLANG_ENABLE_MODULES = YES;
				CLANG_ENABLE_OBJC_ARC = YES;
				CLANG_ENABLE_OBJC_WEAK = YES;
				CLANG_WARN_BLOCK_CAPTURE_AUTORELEASING = YES;
				CLANG_WARN_BOOL_CONVERSION = YES;
				CLANG_WARN_COMMA = YES;
				CLANG_WARN_CONSTANT_CONVERSION = YES;
				CLANG_WARN_DEPRECATED_OBJC_IMPLEMENTATIONS = YES;
				CLANG_WARN_DIRECT_OBJC_ISA_USAGE = YES_ERROR;
				CLANG_WARN_DOCUMENTATION_COMMENTS = YES;
				CLANG_WARN_EMPTY_BODY = YES;
				CLANG_WARN_ENUM_CONVERSION = YES;
				CLANG_WARN_INFINITE_RECURSION = YES;
				CLANG_WARN_INT_CONVERSION = YES;
				CLANG_WARN_NON_LITERAL_NULL_CONVERSION = YES;
				CLANG_WARN_OBJC_IMPLICIT_RETAIN_SELF = YES;
				CLANG_WARN_OBJC_LITERAL_CONVERSION = YES;
				CLANG_WARN_OBJC_ROOT_CLASS = YES_ERROR;
				CLANG_WARN_QUOTED_INCLUDE_IN_FRAMEWORK_HEADER = YES;
				CLANG_WARN_RANGE_LOOP_ANALYSIS = YES;
				CLANG_WARN_STRICT_PROTOTYPES = YES;
				CLANG_WARN_SUSPICIOUS_MOVE = YES;
				CLANG_WARN_UNGUARDED_AVAILABILITY = YES_AGGRESSIVE;
				CLANG_WARN_UNREACHABLE_CODE = YES;
				CLANG_WARN__DUPLICATE_METHOD_MATCH = YES;
				COPY_PHASE_STRIP = NO;
				DEBUG_INFORMATION_FORMAT = "dwarf-with-dsym";
				ENABLE_NS_ASSERTIONS = NO;
				ENABLE_STRICT_OBJC_MSGSEND = YES;
				GCC_C_LANGUAGE_STANDARD = gnu11;
				GCC_NO_COMMON_BLOCKS = YES;
				GCC_WARN_64_TO_32_BIT_CONVERSION = YES;
				GCC_WARN_ABOUT_RETURN_TYPE = YES_ERROR;
				GCC_WARN_UNDECLARED_SELECTOR = YES;
				GCC_WARN_UNINITIALIZED_AUTOS = YES_AGGRESSIVE;
				GCC_WARN_UNUSED_FUNCTION = YES;
				GCC_WARN_UNUSED_VARIABLE = YES;
				IPHONEOS_DEPLOYMENT_TARGET = 16.0;
				MTL_ENABLE_DEBUG_INFO = NO;
				MTL_FAST_MATH = YES;
				SDKROOT = iphoneos;
				SWIFT_COMPILATION_MODE = wholemodule;
				SWIFT_OPTIMIZATION_LEVEL = "-O";
				VALIDATE_PRODUCT = YES;
			};
			name = Release;
		};
		D956871F2912478A00D94876 /* Debug */ = {
			isa = XCBuildConfiguration;
			baseConfigurationReference = 81FF26D8887A1F15B749593B /* Pods-AlamofireHW.debug.xcconfig */;
			buildSettings = {
				ASSETCATALOG_COMPILER_APPICON_NAME = AppIcon;
				ASSETCATALOG_COMPILER_GLOBAL_ACCENT_COLOR_NAME = AccentColor;
				CODE_SIGN_STYLE = Automatic;
				CURRENT_PROJECT_VERSION = 1;
				DEVELOPMENT_TEAM = 76N9URDUCT;
				GENERATE_INFOPLIST_FILE = YES;
				INFOPLIST_FILE = AlamofireHW/Resources/Info.plist;
				INFOPLIST_KEY_UIApplicationSupportsIndirectInputEvents = YES;
				INFOPLIST_KEY_UILaunchStoryboardName = LaunchScreen;
				INFOPLIST_KEY_UIMainStoryboardFile = "";
				INFOPLIST_KEY_UISupportedInterfaceOrientations_iPad = "UIInterfaceOrientationPortrait UIInterfaceOrientationPortraitUpsideDown UIInterfaceOrientationLandscapeLeft UIInterfaceOrientationLandscapeRight";
				INFOPLIST_KEY_UISupportedInterfaceOrientations_iPhone = "UIInterfaceOrientationPortrait UIInterfaceOrientationLandscapeLeft UIInterfaceOrientationLandscapeRight";
				INFOPLIST_PREPROCESS = NO;
				LD_RUNPATH_SEARCH_PATHS = (
					"$(inherited)",
					"@executable_path/Frameworks",
				);
				MARKETING_VERSION = 1.0;
				PRODUCT_BUNDLE_IDENTIFIER = ArtemGalay.AlamofireHW;
				PRODUCT_NAME = "$(TARGET_NAME)";
				SUPPORTED_PLATFORMS = "iphoneos iphonesimulator macosx";
				SUPPORTS_MACCATALYST = NO;
				SUPPORTS_MAC_DESIGNED_FOR_IPHONE_IPAD = NO;
				SWIFT_EMIT_LOC_STRINGS = YES;
				SWIFT_VERSION = 5.0;
				TARGETED_DEVICE_FAMILY = "1,2";
			};
			name = Debug;
		};
		D95687202912478A00D94876 /* Release */ = {
			isa = XCBuildConfiguration;
			baseConfigurationReference = 759095BC782298C8BBF857E1 /* Pods-AlamofireHW.release.xcconfig */;
			buildSettings = {
				ASSETCATALOG_COMPILER_APPICON_NAME = AppIcon;
				ASSETCATALOG_COMPILER_GLOBAL_ACCENT_COLOR_NAME = AccentColor;
				CODE_SIGN_STYLE = Automatic;
				CURRENT_PROJECT_VERSION = 1;
				DEVELOPMENT_TEAM = 76N9URDUCT;
				GENERATE_INFOPLIST_FILE = YES;
				INFOPLIST_FILE = AlamofireHW/Resources/Info.plist;
				INFOPLIST_KEY_UIApplicationSupportsIndirectInputEvents = YES;
				INFOPLIST_KEY_UILaunchStoryboardName = LaunchScreen;
				INFOPLIST_KEY_UIMainStoryboardFile = "";
				INFOPLIST_KEY_UISupportedInterfaceOrientations_iPad = "UIInterfaceOrientationPortrait UIInterfaceOrientationPortraitUpsideDown UIInterfaceOrientationLandscapeLeft UIInterfaceOrientationLandscapeRight";
				INFOPLIST_KEY_UISupportedInterfaceOrientations_iPhone = "UIInterfaceOrientationPortrait UIInterfaceOrientationLandscapeLeft UIInterfaceOrientationLandscapeRight";
				INFOPLIST_PREPROCESS = NO;
				LD_RUNPATH_SEARCH_PATHS = (
					"$(inherited)",
					"@executable_path/Frameworks",
				);
				MARKETING_VERSION = 1.0;
				PRODUCT_BUNDLE_IDENTIFIER = ArtemGalay.AlamofireHW;
				PRODUCT_NAME = "$(TARGET_NAME)";
				SUPPORTED_PLATFORMS = "iphoneos iphonesimulator macosx";
				SUPPORTS_MACCATALYST = NO;
				SUPPORTS_MAC_DESIGNED_FOR_IPHONE_IPAD = NO;
				SWIFT_EMIT_LOC_STRINGS = YES;
				SWIFT_VERSION = 5.0;
				TARGETED_DEVICE_FAMILY = "1,2";
			};
			name = Release;
		};
/* End XCBuildConfiguration section */

/* Begin XCConfigurationList section */
		D95687052912478900D94876 /* Build configuration list for PBXProject "AlamofireHW" */ = {
			isa = XCConfigurationList;
			buildConfigurations = (
				D956871C2912478A00D94876 /* Debug */,
				D956871D2912478A00D94876 /* Release */,
			);
			defaultConfigurationIsVisible = 0;
			defaultConfigurationName = Release;
		};
		D956871E2912478A00D94876 /* Build configuration list for PBXNativeTarget "AlamofireHW" */ = {
			isa = XCConfigurationList;
			buildConfigurations = (
				D956871F2912478A00D94876 /* Debug */,
				D95687202912478A00D94876 /* Release */,
			);
			defaultConfigurationIsVisible = 0;
			defaultConfigurationName = Release;
		};
/* End XCConfigurationList section */
	};
	rootObject = D95687022912478900D94876 /* Project object */;
}
